
Microsoft Visual Studio Solution File, Format Version 12.00
# Visual Studio 14
VisualStudioVersion = 14.0.25420.1
MinimumVisualStudioVersion = 10.0.40219.1
Project("{FAE04EC0-301F-11D3-BF4B-00C04F79EFBC}") = "HikeApp", "Kursach\HikeApp.csproj", "{BD6F8F60-2D85-439A-A813-E9587AEF7E35}"
EndProject
Project("{2150E333-8FDC-42A3-9474-1A3956D46DE8}") = "Domain", "Domain", "{E5489FF9-3796-40BC-8752-87E324B0C7C9}"
EndProject
Project("{FAE04EC0-301F-11D3-BF4B-00C04F79EFBC}") = "HikeApp.Domain.Core", "HikeApp.Domain.Core\HikeApp.Domain.Core.csproj", "{701987B6-A4AE-4C4E-A233-B6A3117E9921}"
EndProject
Project("{FAE04EC0-301F-11D3-BF4B-00C04F79EFBC}") = "HikeApp.Domain.Interfaces", "HikeApp.Domain.Interfaces\HikeApp.Domain.Interfaces.csproj", "{C15CD5FD-1C08-4E00-A616-C926EE8EAB01}"
EndProject
Project("{2150E333-8FDC-42A3-9474-1A3956D46DE8}") = "Infrastructure", "Infrastructure", "{800DAB0A-5C76-4CE1-B475-BBE92BF653FF}"
EndProject
Project("{FAE04EC0-301F-11D3-BF4B-00C04F79EFBC}") = "HikeApp.Infrastructure.Data", "HikeApp.Infrastructure.Data\HikeApp.Infrastructure.Data.csproj", "{A54B7AFB-C5B2-40A9-91F1-E83BFDE15569}"
EndProject
Global
	GlobalSection(SolutionConfigurationPlatforms) = preSolution
		Debug|Any CPU = Debug|Any CPU
		Release|Any CPU = Release|Any CPU
	EndGlobalSection
	GlobalSection(ProjectConfigurationPlatforms) = postSolution
		{BD6F8F60-2D85-439A-A813-E9587AEF7E35}.Debug|Any CPU.ActiveCfg = Debug|Any CPU
		{BD6F8F60-2D85-439A-A813-E9587AEF7E35}.Debug|Any CPU.Build.0 = Debug|Any CPU
		{BD6F8F60-2D85-439A-A813-E9587AEF7E35}.Release|Any CPU.ActiveCfg = Release|Any CPU
		{BD6F8F60-2D85-439A-A813-E9587AEF7E35}.Release|Any CPU.Build.0 = Release|Any CPU
		{701987B6-A4AE-4C4E-A233-B6A3117E9921}.Debug|Any CPU.ActiveCfg = Debug|Any CPU
		{701987B6-A4AE-4C4E-A233-B6A3117E9921}.Debug|Any CPU.Build.0 = Debug|Any CPU
		{701987B6-A4AE-4C4E-A233-B6A3117E9921}.Release|Any CPU.ActiveCfg = Release|Any CPU
		{701987B6-A4AE-4C4E-A233-B6A3117E9921}.Release|Any CPU.Build.0 = Release|Any CPU
		{C15CD5FD-1C08-4E00-A616-C926EE8EAB01}.Debug|Any CPU.ActiveCfg = Debug|Any CPU
		{C15CD5FD-1C08-4E00-A616-C926EE8EAB01}.Debug|Any CPU.Build.0 = Debug|Any CPU
		{C15CD5FD-1C08-4E00-A616-C926EE8EAB01}.Release|Any CPU.ActiveCfg = Release|Any CPU
		{C15CD5FD-1C08-4E00-A616-C926EE8EAB01}.Release|Any CPU.Build.0 = Release|Any CPU
		{A54B7AFB-C5B2-40A9-91F1-E83BFDE15569}.Debug|Any CPU.ActiveCfg = Debug|Any CPU
		{A54B7AFB-C5B2-40A9-91F1-E83BFDE15569}.Debug|Any CPU.Build.0 = Debug|Any CPU
		{A54B7AFB-C5B2-40A9-91F1-E83BFDE15569}.Release|Any CPU.ActiveCfg = Release|Any CPU
		{A54B7AFB-C5B2-40A9-91F1-E83BFDE15569}.Release|Any CPU.Build.0 = Release|Any CPU
	EndGlobalSection
	GlobalSection(SolutionProperties) = preSolution
		HideSolutionNode = FALSE
	EndGlobalSection
	GlobalSection(NestedProjects) = preSolution
		{701987B6-A4AE-4C4E-A233-B6A3117E9921} = {E5489FF9-3796-40BC-8752-87E324B0C7C9}
		{C15CD5FD-1C08-4E00-A616-C926EE8EAB01} = {E5489FF9-3796-40BC-8752-87E324B0C7C9}
		{A54B7AFB-C5B2-40A9-91F1-E83BFDE15569} = {800DAB0A-5C76-4CE1-B475-BBE92BF653FF}
	EndGlobalSection
EndGlobal
